
Microsoft Visual Studio Solution File, Format Version 12.00
# Visual Studio 15
Project("{FAE04EC0-301F-11D3-BF4B-00C04F79EFBC}") = "Assembly-CSharp-firstpass", "Assembly-CSharp-firstpass.csproj", "{F67F48A1-0B25-67E2-8B2F-0FDA2F218318}"
EndProject
Project("{FAE04EC0-301F-11D3-BF4B-00C04F79EFBC}") = "Assembly-CSharp", "Assembly-CSharp.csproj", "{20AABC74-A6CE-8DB3-23CA-2B15B046F162}"
EndProject
Project("{FAE04EC0-301F-11D3-BF4B-00C04F79EFBC}") = "Assembly-CSharp-Editor-firstpass", "Assembly-CSharp-Editor-firstpass.csproj", "{0B01E8C1-4D6C-DDCC-C32A-030035E3634C}"
EndProject
Global
	GlobalSection(SolutionConfigurationPlatforms) = preSolution
		Debug|Any CPU = Debug|Any CPU
		Release|Any CPU = Release|Any CPU
	EndGlobalSection
	GlobalSection(ProjectConfigurationPlatforms) = postSolution
		{F67F48A1-0B25-67E2-8B2F-0FDA2F218318}.Debug|Any CPU.ActiveCfg = Debug|Any CPU
		{F67F48A1-0B25-67E2-8B2F-0FDA2F218318}.Debug|Any CPU.Build.0 = Debug|Any CPU
		{F67F48A1-0B25-67E2-8B2F-0FDA2F218318}.Release|Any CPU.ActiveCfg = Release|Any CPU
		{F67F48A1-0B25-67E2-8B2F-0FDA2F218318}.Release|Any CPU.Build.0 = Release|Any CPU
		{20AABC74-A6CE-8DB3-23CA-2B15B046F162}.Debug|Any CPU.ActiveCfg = Debug|Any CPU
		{20AABC74-A6CE-8DB3-23CA-2B15B046F162}.Debug|Any CPU.Build.0 = Debug|Any CPU
		{20AABC74-A6CE-8DB3-23CA-2B15B046F162}.Release|Any CPU.ActiveCfg = Release|Any CPU
		{20AABC74-A6CE-8DB3-23CA-2B15B046F162}.Release|Any CPU.Build.0 = Release|Any CPU
		{0B01E8C1-4D6C-DDCC-C32A-030035E3634C}.Debug|Any CPU.ActiveCfg = Debug|Any CPU
		{0B01E8C1-4D6C-DDCC-C32A-030035E3634C}.Debug|Any CPU.Build.0 = Debug|Any CPU
		{0B01E8C1-4D6C-DDCC-C32A-030035E3634C}.Release|Any CPU.ActiveCfg = Release|Any CPU
		{0B01E8C1-4D6C-DDCC-C32A-030035E3634C}.Release|Any CPU.Build.0 = Release|Any CPU
	EndGlobalSection
	GlobalSection(SolutionProperties) = preSolution
		HideSolutionNode = FALSE
	EndGlobalSection
EndGlobal
